
Microsoft Visual Studio Solution File, Format Version 12.00
# Visual Studio Version 17
VisualStudioVersion = 17.14.36603.0 d17.14
MinimumVisualStudioVersion = 10.0.40219.1
Project("{FAE04EC0-301F-11D3-BF4B-00C04F79EFBC}") = "session class", "session class\session class.csproj", "{F05086E7-25F6-47F9-BA9D-8455039675E6}"
EndProject
Global
	GlobalSection(SolutionConfigurationPlatforms) = preSolution
		Debug|Any CPU = Debug|Any CPU
		Release|Any CPU = Release|Any CPU
	EndGlobalSection
	GlobalSection(ProjectConfigurationPlatforms) = postSolution
		{F05086E7-25F6-47F9-BA9D-8455039675E6}.Debug|Any CPU.ActiveCfg = Debug|Any CPU
		{F05086E7-25F6-47F9-BA9D-8455039675E6}.Debug|Any CPU.Build.0 = Debug|Any CPU
		{F05086E7-25F6-47F9-BA9D-8455039675E6}.Release|Any CPU.ActiveCfg = Release|Any CPU
		{F05086E7-25F6-47F9-BA9D-8455039675E6}.Release|Any CPU.Build.0 = Release|Any CPU
	EndGlobalSection
	GlobalSection(SolutionProperties) = preSolution
		HideSolutionNode = FALSE
	EndGlobalSection
	GlobalSection(ExtensibilityGlobals) = postSolution
		SolutionGuid = {841EEB10-62D9-4B62-B444-4C9DAE2B1CD5}
	EndGlobalSection
EndGlobal
