
Microsoft Visual Studio Solution File, Format Version 12.00
# Visual Studio Version 17
VisualStudioVersion = 17.14.36603.0 d17.14
MinimumVisualStudioVersion = 10.0.40219.1
Project("{FAE04EC0-301F-11D3-BF4B-00C04F79EFBC}") = "Smart Attendence System", "Smart Attendence System\Smart Attendence System.csproj", "{0DA1A905-6C32-4341-93A5-390AB0ACB415}"
EndProject
Global
	GlobalSection(SolutionConfigurationPlatforms) = preSolution
		Debug|Any CPU = Debug|Any CPU
		Release|Any CPU = Release|Any CPU
	EndGlobalSection
	GlobalSection(ProjectConfigurationPlatforms) = postSolution
		{0DA1A905-6C32-4341-93A5-390AB0ACB415}.Debug|Any CPU.ActiveCfg = Debug|Any CPU
		{0DA1A905-6C32-4341-93A5-390AB0ACB415}.Debug|Any CPU.Build.0 = Debug|Any CPU
		{0DA1A905-6C32-4341-93A5-390AB0ACB415}.Release|Any CPU.ActiveCfg = Release|Any CPU
		{0DA1A905-6C32-4341-93A5-390AB0ACB415}.Release|Any CPU.Build.0 = Release|Any CPU
	EndGlobalSection
	GlobalSection(SolutionProperties) = preSolution
		HideSolutionNode = FALSE
	EndGlobalSection
	GlobalSection(ExtensibilityGlobals) = postSolution
		SolutionGuid = {D094BF33-A352-4F4F-9166-C2AF99CFF0B5}
	EndGlobalSection
EndGlobal
